
Microsoft Visual Studio Solution File, Format Version 12.00
# Visual Studio 15
VisualStudioVersion = 15.0.26430.16
MinimumVisualStudioVersion = 10.0.40219.1
Project("{FAE04EC0-301F-11D3-BF4B-00C04F79EFBC}") = "PolarPersonalTrainerLib.PCL", "PolarPersonalTrainerLib.PCL\PolarPersonalTrainerLib.PCL.csproj", "{63698E93-204C-4AA8-A07B-352539A380BF}"
EndProject
Project("{FAE04EC0-301F-11D3-BF4B-00C04F79EFBC}") = "PolarPersonalTrainerLib.Tests", "PolarPersonalTrainerLib.Tests\PolarPersonalTrainerLib.Tests.csproj", "{E791DB44-D6F9-49B2-8F14-7F005B51B4C9}"
EndProject
Project("{FAE04EC0-301F-11D3-BF4B-00C04F79EFBC}") = "PolarPersonalTrainerLib.NET45", "PolarPersonalTrainerLib.NET45\PolarPersonalTrainerLib.NET45.csproj", "{230FAE06-4C74-45CF-BFFA-30C682DA0EC3}"
EndProject
Project("{D954291E-2A0B-460D-934E-DC6B0785DB48}") = "PolarPersonalTrainerLib", "PolarPersonalTrainerLib\PolarPersonalTrainerLib.shproj", "{67F072AD-F7B8-4693-BA1C-87B07E2538E5}"
EndProject
Project("{2150E333-8FDC-42A3-9474-1A3956D46DE8}") = ".nuget", ".nuget", "{B73A333A-B7D3-42EB-B53C-ECC38BDC05D3}"
	ProjectSection(SolutionItems) = preProject
		.nuget\NuGet.Config = .nuget\NuGet.Config
		.nuget\NuGet.exe = .nuget\NuGet.exe
		.nuget\NuGet.targets = .nuget\NuGet.targets
	EndProjectSection
EndProject
Project("{FAE04EC0-301F-11D3-BF4B-00C04F79EFBC}") = "PolarPersonalTrainerLib.Droid", "PolarPersonalTrainerLib.Droid\PolarPersonalTrainerLib.Droid.csproj", "{25650ACF-5F76-41BB-AC51-08F76D2C7672}"
EndProject
Project("{9A19103F-16F7-4668-BE54-9A1E7A4F7556}") = "PolarPersonalTrainerLib.NetStandard", "PolarPersonalTrainerLib.NetStandard\PolarPersonalTrainerLib.NetStandard.csproj", "{9F39FB03-FB0B-4545-A7C5-7FB26985A5A7}"
EndProject
Global
	GlobalSection(SharedMSBuildProjectFiles) = preSolution
		PolarPersonalTrainerLib\PolarPersonalTrainerLib.projitems*{230fae06-4c74-45cf-bffa-30c682da0ec3}*SharedItemsImports = 4
		PolarPersonalTrainerLib\PolarPersonalTrainerLib.projitems*{25650acf-5f76-41bb-ac51-08f76d2c7672}*SharedItemsImports = 4
		PolarPersonalTrainerLib\PolarPersonalTrainerLib.projitems*{63698e93-204c-4aa8-a07b-352539a380bf}*SharedItemsImports = 4
		PolarPersonalTrainerLib\PolarPersonalTrainerLib.projitems*{67f072ad-f7b8-4693-ba1c-87b07e2538e5}*SharedItemsImports = 13
	EndGlobalSection
	GlobalSection(SolutionConfigurationPlatforms) = preSolution
		Debug|Any CPU = Debug|Any CPU
		Release|Any CPU = Release|Any CPU
	EndGlobalSection
	GlobalSection(ProjectConfigurationPlatforms) = postSolution
		{63698E93-204C-4AA8-A07B-352539A380BF}.Debug|Any CPU.ActiveCfg = Debug|Any CPU
		{63698E93-204C-4AA8-A07B-352539A380BF}.Debug|Any CPU.Build.0 = Debug|Any CPU
		{63698E93-204C-4AA8-A07B-352539A380BF}.Release|Any CPU.ActiveCfg = Release|Any CPU
		{63698E93-204C-4AA8-A07B-352539A380BF}.Release|Any CPU.Build.0 = Release|Any CPU
		{E791DB44-D6F9-49B2-8F14-7F005B51B4C9}.Debug|Any CPU.ActiveCfg = Debug|Any CPU
		{E791DB44-D6F9-49B2-8F14-7F005B51B4C9}.Debug|Any CPU.Build.0 = Debug|Any CPU
		{E791DB44-D6F9-49B2-8F14-7F005B51B4C9}.Release|Any CPU.ActiveCfg = Release|Any CPU
		{E791DB44-D6F9-49B2-8F14-7F005B51B4C9}.Release|Any CPU.Build.0 = Release|Any CPU
		{230FAE06-4C74-45CF-BFFA-30C682DA0EC3}.Debug|Any CPU.ActiveCfg = Debug|Any CPU
		{230FAE06-4C74-45CF-BFFA-30C682DA0EC3}.Debug|Any CPU.Build.0 = Debug|Any CPU
		{230FAE06-4C74-45CF-BFFA-30C682DA0EC3}.Release|Any CPU.ActiveCfg = Release|Any CPU
		{230FAE06-4C74-45CF-BFFA-30C682DA0EC3}.Release|Any CPU.Build.0 = Release|Any CPU
		{25650ACF-5F76-41BB-AC51-08F76D2C7672}.Debug|Any CPU.ActiveCfg = Debug|Any CPU
		{25650ACF-5F76-41BB-AC51-08F76D2C7672}.Debug|Any CPU.Build.0 = Debug|Any CPU
		{25650ACF-5F76-41BB-AC51-08F76D2C7672}.Release|Any CPU.ActiveCfg = Release|Any CPU
		{25650ACF-5F76-41BB-AC51-08F76D2C7672}.Release|Any CPU.Build.0 = Release|Any CPU
		{9F39FB03-FB0B-4545-A7C5-7FB26985A5A7}.Debug|Any CPU.ActiveCfg = Debug|Any CPU
		{9F39FB03-FB0B-4545-A7C5-7FB26985A5A7}.Debug|Any CPU.Build.0 = Debug|Any CPU
		{9F39FB03-FB0B-4545-A7C5-7FB26985A5A7}.Release|Any CPU.ActiveCfg = Release|Any CPU
		{9F39FB03-FB0B-4545-A7C5-7FB26985A5A7}.Release|Any CPU.Build.0 = Release|Any CPU
	EndGlobalSection
	GlobalSection(SolutionProperties) = preSolution
		HideSolutionNode = FALSE
	EndGlobalSection
EndGlobal
